
Microsoft Visual Studio Solution File, Format Version 12.00
# Visual Studio Version 16
VisualStudioVersion = 16.0.30907.101
MinimumVisualStudioVersion = 10.0.40219.1
Project("{FAE04EC0-301F-11D3-BF4B-00C04F79EFBC}") = "ESD_Project", "ESD_Project.csproj", "{FF461761-772E-47C3-A163-40303D58962D}"
EndProject
Global
	GlobalSection(SolutionConfigurationPlatforms) = preSolution
		Debug|Any CPU = Debug|Any CPU
		Release|Any CPU = Release|Any CPU
	EndGlobalSection
	GlobalSection(ProjectConfigurationPlatforms) = postSolution
		{FF461761-772E-47C3-A163-40303D58962D}.Debug|Any CPU.ActiveCfg = Debug|Any CPU
		{FF461761-772E-47C3-A163-40303D58962D}.Debug|Any CPU.Build.0 = Debug|Any CPU
		{FF461761-772E-47C3-A163-40303D58962D}.Release|Any CPU.ActiveCfg = Release|Any CPU
		{FF461761-772E-47C3-A163-40303D58962D}.Release|Any CPU.Build.0 = Release|Any CPU
	EndGlobalSection
	GlobalSection(SolutionProperties) = preSolution
		HideSolutionNode = FALSE
	EndGlobalSection
	GlobalSection(ExtensibilityGlobals) = postSolution
		SolutionGuid = {64B02687-80CA-46CA-B62A-D30797551B28}
	EndGlobalSection
EndGlobal
